
Microsoft Visual Studio Solution File, Format Version 12.00
# Visual Studio Version 17
VisualStudioVersion = 17.10.35013.160
MinimumVisualStudioVersion = 10.0.40219.1
Project("{2150E333-8FDC-42A3-9474-1A3956D46DE8}") = "src", "src", "{1C0F95E7-5E06-4821-9DE5-B0D1D01FDE08}"
EndProject
Project("{2150E333-8FDC-42A3-9474-1A3956D46DE8}") = "test", "test", "{E2B68C65-BB74-488E-BE5C-E6E1EFA20E53}"
EndProject
Project("{2150E333-8FDC-42A3-9474-1A3956D46DE8}") = "BuildingBlocks", "BuildingBlocks", "{3E299721-3B96-4D5D-8DEC-97C8F980EBB6}"
EndProject
Project("{2150E333-8FDC-42A3-9474-1A3956D46DE8}") = "Services", "Services", "{68E3EA19-2C82-4262-98EC-1CC9E3F41520}"
EndProject
Project("{2150E333-8FDC-42A3-9474-1A3956D46DE8}") = "Order", "Order", "{D15C9328-FA5A-47C6-A0E5-C690B8DD3F1B}"
EndProject
Project("{2150E333-8FDC-42A3-9474-1A3956D46DE8}") = "Identity", "Identity", "{A2915463-7F70-4D55-8D6B-896CB171FB0D}"
EndProject
Project("{2150E333-8FDC-42A3-9474-1A3956D46DE8}") = "Catalog", "Catalog", "{B9C27B30-9499-41B8-A0B6-51FA6785054C}"
EndProject
Project("{2150E333-8FDC-42A3-9474-1A3956D46DE8}") = "Basket", "Basket", "{1301EDCA-02D9-4CFD-939D-12FF8BE151EC}"
EndProject
Project("{2150E333-8FDC-42A3-9474-1A3956D46DE8}") = "ApiGateway", "ApiGateway", "{13C1F9E8-BDD2-4B46-B7D1-796C0B3CBB13}"
EndProject
Project("{9A19103F-16F7-4668-BE54-9A1E7A4F7556}") = "Basket.API", "src\Services\BasketService\Basket.API\Basket.API.csproj", "{6D98A5E0-48AC-4413-8EBA-8A68479831B2}"
EndProject
Project("{9A19103F-16F7-4668-BE54-9A1E7A4F7556}") = "Catalog.API", "src\Services\CatalogService\Catalog.API\Catalog.API.csproj", "{FDD9B398-3A4F-465A-8BFB-3DBF50D4F4F3}"
EndProject
Project("{9A19103F-16F7-4668-BE54-9A1E7A4F7556}") = "Order.API", "src\Services\OrderService\Order.API\Order.API.csproj", "{82E8093D-D431-4ACB-B4F8-2FE3429D21A0}"
EndProject
Project("{2150E333-8FDC-42A3-9474-1A3956D46DE8}") = "EventBus", "EventBus", "{BEAB5C93-D7E1-4AD3-993C-F87FB2AEE016}"
EndProject
Project("{FAE04EC0-301F-11D3-BF4B-00C04F79EFBC}") = "EventBus", "src\BuildingBlocks\EventBus\EventBus\EventBus.csproj", "{EC4E1B7E-941F-4707-B0C4-2232C91BF398}"
EndProject
Global
	GlobalSection(SolutionConfigurationPlatforms) = preSolution
		Debug|Any CPU = Debug|Any CPU
		Release|Any CPU = Release|Any CPU
	EndGlobalSection
	GlobalSection(ProjectConfigurationPlatforms) = postSolution
		{6D98A5E0-48AC-4413-8EBA-8A68479831B2}.Debug|Any CPU.ActiveCfg = Debug|Any CPU
		{6D98A5E0-48AC-4413-8EBA-8A68479831B2}.Debug|Any CPU.Build.0 = Debug|Any CPU
		{6D98A5E0-48AC-4413-8EBA-8A68479831B2}.Release|Any CPU.ActiveCfg = Release|Any CPU
		{6D98A5E0-48AC-4413-8EBA-8A68479831B2}.Release|Any CPU.Build.0 = Release|Any CPU
		{FDD9B398-3A4F-465A-8BFB-3DBF50D4F4F3}.Debug|Any CPU.ActiveCfg = Debug|Any CPU
		{FDD9B398-3A4F-465A-8BFB-3DBF50D4F4F3}.Debug|Any CPU.Build.0 = Debug|Any CPU
		{FDD9B398-3A4F-465A-8BFB-3DBF50D4F4F3}.Release|Any CPU.ActiveCfg = Release|Any CPU
		{FDD9B398-3A4F-465A-8BFB-3DBF50D4F4F3}.Release|Any CPU.Build.0 = Release|Any CPU
		{82E8093D-D431-4ACB-B4F8-2FE3429D21A0}.Debug|Any CPU.ActiveCfg = Debug|Any CPU
		{82E8093D-D431-4ACB-B4F8-2FE3429D21A0}.Debug|Any CPU.Build.0 = Debug|Any CPU
		{82E8093D-D431-4ACB-B4F8-2FE3429D21A0}.Release|Any CPU.ActiveCfg = Release|Any CPU
		{82E8093D-D431-4ACB-B4F8-2FE3429D21A0}.Release|Any CPU.Build.0 = Release|Any CPU
		{EC4E1B7E-941F-4707-B0C4-2232C91BF398}.Debug|Any CPU.ActiveCfg = Debug|Any CPU
		{EC4E1B7E-941F-4707-B0C4-2232C91BF398}.Debug|Any CPU.Build.0 = Debug|Any CPU
		{EC4E1B7E-941F-4707-B0C4-2232C91BF398}.Release|Any CPU.ActiveCfg = Release|Any CPU
		{EC4E1B7E-941F-4707-B0C4-2232C91BF398}.Release|Any CPU.Build.0 = Release|Any CPU
	EndGlobalSection
	GlobalSection(SolutionProperties) = preSolution
		HideSolutionNode = FALSE
	EndGlobalSection
	GlobalSection(NestedProjects) = preSolution
		{3E299721-3B96-4D5D-8DEC-97C8F980EBB6} = {1C0F95E7-5E06-4821-9DE5-B0D1D01FDE08}
		{68E3EA19-2C82-4262-98EC-1CC9E3F41520} = {1C0F95E7-5E06-4821-9DE5-B0D1D01FDE08}
		{D15C9328-FA5A-47C6-A0E5-C690B8DD3F1B} = {68E3EA19-2C82-4262-98EC-1CC9E3F41520}
		{A2915463-7F70-4D55-8D6B-896CB171FB0D} = {68E3EA19-2C82-4262-98EC-1CC9E3F41520}
		{B9C27B30-9499-41B8-A0B6-51FA6785054C} = {68E3EA19-2C82-4262-98EC-1CC9E3F41520}
		{1301EDCA-02D9-4CFD-939D-12FF8BE151EC} = {68E3EA19-2C82-4262-98EC-1CC9E3F41520}
		{13C1F9E8-BDD2-4B46-B7D1-796C0B3CBB13} = {1C0F95E7-5E06-4821-9DE5-B0D1D01FDE08}
		{6D98A5E0-48AC-4413-8EBA-8A68479831B2} = {1301EDCA-02D9-4CFD-939D-12FF8BE151EC}
		{FDD9B398-3A4F-465A-8BFB-3DBF50D4F4F3} = {B9C27B30-9499-41B8-A0B6-51FA6785054C}
		{82E8093D-D431-4ACB-B4F8-2FE3429D21A0} = {D15C9328-FA5A-47C6-A0E5-C690B8DD3F1B}
		{BEAB5C93-D7E1-4AD3-993C-F87FB2AEE016} = {3E299721-3B96-4D5D-8DEC-97C8F980EBB6}
		{EC4E1B7E-941F-4707-B0C4-2232C91BF398} = {BEAB5C93-D7E1-4AD3-993C-F87FB2AEE016}
	EndGlobalSection
	GlobalSection(ExtensibilityGlobals) = postSolution
		SolutionGuid = {8C0E8E6E-94DD-4E31-BF96-9119E093006A}
	EndGlobalSection
EndGlobal
